{
    "requires": true,
    "lockfileVersion": 1,
    "dependencies": {
        "jquery": {
            "version": "3.3.1",
            "resolved": "https://registry.npmjs.org/jquery/-/jquery-3.3.1.tgz",
            "integrity": "sha512-Ubldcmxp5np52/ENotGxlLe6aGMvmF4R8S6tZjsP6Knsaxd/xp3Zrh50cG93lR6nPXyUFwzN3ZSOQI0wRJNdGg=="
        },
        "jquery-zoom": {
            "version": "1.7.20",
            "resolved": "https://registry.npmjs.org/jquery-zoom/-/jquery-zoom-1.7.20.tgz",
            "integrity": "sha1-Jbn53FCAS0jCHxeWlJpfasF/u6c=",
            "requires": {
                "jquery": "3.3.1"
            }
        }
    }
}
